{
  "name": "message-delivery",
  "version": "1.0.0",
  "lockfileVersion": 1,
  "requires": true,
  "dependencies": {
    "amqplib": {
      "version": "0.5.2",
      "resolved": "https://registry.npmjs.org/amqplib/-/amqplib-0.5.2.tgz",
      "integrity": "sha512-l9mCs6LbydtHqRniRwYkKdqxVa6XMz3Vw1fh+2gJaaVgTM6Jk3o8RccAKWKtlhT1US5sWrFh+KKxsVUALURSIA==",
      "requires": {
        "bitsyntax": "0.0.4",
        "bluebird": "3.5.1",
        "buffer-more-ints": "0.0.2",
        "readable-stream": "1.1.14",
        "safe-buffer": "5.1.1"
      }
    },
    "bitsyntax": {
      "version": "0.0.4",
      "resolved": "https://registry.npmjs.org/bitsyntax/-/bitsyntax-0.0.4.tgz",
      "integrity": "sha1-6xDMb4K4xJDj6FaY8H6D1G4MuoI=",
      "requires": {
        "buffer-more-ints": "0.0.2"
      }
    },
    "bluebird": {
      "version": "3.5.1",
      "resolved": "https://registry.npmjs.org/bluebird/-/bluebird-3.5.1.tgz",
      "integrity": "sha512-MKiLiV+I1AA596t9w1sQJ8jkiSr5+ZKi0WKrYGUn6d1Fx+Ij4tIj+m2WMQSGczs5jZVxV339chE8iwk6F64wjA=="
    },
    "buffer-more-ints": {
      "version": "0.0.2",
      "resolved": "https://registry.npmjs.org/buffer-more-ints/-/buffer-more-ints-0.0.2.tgz",
      "integrity": "sha1-JrOIXRD6E9t/wBquOquHAZngEkw="
    },
    "core-util-is": {
      "version": "1.0.2",
      "resolved": "https://registry.npmjs.org/core-util-is/-/core-util-is-1.0.2.tgz",
      "integrity": "sha1-tf1UIgqivFq1eqtxQMlAdUUDwac="
    },
    "inherits": {
      "version": "2.0.3",
      "resolved": "https://registry.npmjs.org/inherits/-/inherits-2.0.3.tgz",
      "integrity": "sha1-Yzwsg+PaQqUC9SRmAiSA9CCCYd4="
    },
    "isarray": {
      "version": "0.0.1",
      "resolved": "https://registry.npmjs.org/isarray/-/isarray-0.0.1.tgz",
      "integrity": "sha1-ihis/Kmo9Bd+Cav8YDiTmwXR7t8="
    },
    "node-uuid": {
      "version": "1.4.8",
      "resolved": "https://registry.npmjs.org/node-uuid/-/node-uuid-1.4.8.tgz",
      "integrity": "sha1-sEDrCSOWivq/jTL7HxfxFn/auQc="
    },
    "nodemailer": {
      "version": "4.4.1",
      "resolved": "https://registry.npmjs.org/nodemailer/-/nodemailer-4.4.1.tgz",
      "integrity": "sha512-1bnszJJXatcHJhLpxQ1XMkLDjCjPKvGKMtRQ73FOsoNln3UQjddEQmz6fAwM3aj0GtQ3dQX9qtMHPelz63GU7A=="
    },
    "readable-stream": {
      "version": "1.1.14",
      "resolved": "https://registry.npmjs.org/readable-stream/-/readable-stream-1.1.14.tgz",
      "integrity": "sha1-fPTFTvZI44EwhMY23SB54WbAgdk=",
      "requires": {
        "core-util-is": "1.0.2",
        "inherits": "2.0.3",
        "isarray": "0.0.1",
        "string_decoder": "0.10.31"
      }
    },
    "require-all": {
      "version": "2.2.0",
      "resolved": "https://registry.npmjs.org/require-all/-/require-all-2.2.0.tgz",
      "integrity": "sha1-tEIMIzrAKC0P9Jsnf7iAqLXeCJQ=",
      "dev": true
    },
    "rx": {
      "version": "4.1.0",
      "resolved": "https://registry.npmjs.org/rx/-/rx-4.1.0.tgz",
      "integrity": "sha1-pfE/957zt0D+MKqAP7CfmIBdR4I="
    },
    "rx-amqplib": {
      "version": "0.1.6",
      "resolved": "https://registry.npmjs.org/rx-amqplib/-/rx-amqplib-0.1.6.tgz",
      "integrity": "sha1-sP5b6p5Xj/2F91LstwPh8AGBucI=",
      "requires": {
        "amqplib": "0.4.2",
        "node-uuid": "1.4.8",
        "rx": "4.1.0"
      },
      "dependencies": {
        "amqplib": {
          "version": "0.4.2",
          "resolved": "https://registry.npmjs.org/amqplib/-/amqplib-0.4.2.tgz",
          "integrity": "sha1-XkoqkUzLMSX5y5H22gfJeqTLE6Y=",
          "requires": {
            "bitsyntax": "0.0.4",
            "buffer-more-ints": "0.0.2",
            "readable-stream": "1.1.14",
            "when": "3.6.4"
          }
        }
      }
    },
    "rxjs": {
      "version": "5.5.6",
      "resolved": "https://registry.npmjs.org/rxjs/-/rxjs-5.5.6.tgz",
      "integrity": "sha512-v4Q5HDC0FHAQ7zcBX7T2IL6O5ltl1a2GX4ENjPXg6SjDY69Cmx9v4113C99a4wGF16ClPv5Z8mghuYorVkg/kg==",
      "requires": {
        "symbol-observable": "1.0.1"
      }
    },
    "safe-buffer": {
      "version": "5.1.1",
      "resolved": "https://registry.npmjs.org/safe-buffer/-/safe-buffer-5.1.1.tgz",
      "integrity": "sha512-kKvNJn6Mm93gAczWVJg7wH+wGYWNrDHdWvpUmHyEsgCtIwwo3bqPtV4tR5tuPaUhTOo/kvhVwd8XwwOllGYkbg=="
    },
    "string_decoder": {
      "version": "0.10.31",
      "resolved": "https://registry.npmjs.org/string_decoder/-/string_decoder-0.10.31.tgz",
      "integrity": "sha1-YuIDvEF2bGwoyfyEMB2rHFMQ+pQ="
    },
    "symbol-observable": {
      "version": "1.0.1",
      "resolved": "https://registry.npmjs.org/symbol-observable/-/symbol-observable-1.0.1.tgz",
      "integrity": "sha1-g0D8RwLDEi310iKI+IKD9RPT/dQ="
    },
    "when": {
      "version": "3.6.4",
      "resolved": "https://registry.npmjs.org/when/-/when-3.6.4.tgz",
      "integrity": "sha1-RztRfsFZ4rhQBUl6E5g/CVQS404="
    }
  }
}
